# THIS IS AN AUTOGENERATED FILE. DO NOT EDIT THIS FILE DIRECTLY.
# yarn lockfile v1


"@polymer/app-layout@^3.0.0-pre.21":
  version "3.1.0"
  resolved "https://registry.yarnpkg.com/@polymer/app-layout/-/app-layout-3.1.0.tgz#b146cd2ce202e079ac51059a4fcaef03f5b2f3c4"
  integrity sha512-+jf5/TtUDj/la9Vi59ooGNjnTN8JTkyIUK8gxAms0N3MmyeqrmcNLlJKDVyE6IIGKz0WfFeGKqKtmtTLHrZIlg==
  dependencies:
    "@polymer/iron-flex-layout" "^3.0.0-pre.26"
    "@polymer/iron-media-query" "^3.0.0-pre.26"
    "@polymer/iron-resizable-behavior" "^3.0.0-pre.26"
    "@polymer/iron-scroll-target-behavior" "^3.0.0-pre.26"
    "@polymer/polymer" "^3.0.0"

"@polymer/font-roboto@^3.0.1":
  version "3.0.2"
  resolved "https://registry.yarnpkg.com/@polymer/font-roboto/-/font-roboto-3.0.2.tgz#80cdaa7225db2359130dfb2c6d9a3be1820020c3"
  integrity sha512-tx5TauYSmzsIvmSqepUPDYbs4/Ejz2XbZ1IkD7JEGqkdNUJlh+9KU85G56Tfdk/xjEZ8zorFfN09OSwiMrIQWA==

"@polymer/iron-a11y-announcer@^3.0.0-pre.26":
  version "3.2.0"
  resolved "https://registry.yarnpkg.com/@polymer/iron-a11y-announcer/-/iron-a11y-announcer-3.2.0.tgz#d04b1301413d473336cc5797dfd97b3b36dd0cd7"
  integrity sha512-We+hyaFHcg7Ke8ovsoxUpYEXFIJLHxMCDaLehTB4dELS+C+K0zMnGSiqQvb/YzGS+nSYpAfkQIyg1msOCdHMtA==
  dependencies:
    "@polymer/polymer" "^3.0.0"

"@polymer/iron-a11y-keys-behavior@^3.0.0-pre.26":
  version "3.0.1"
  resolved "https://registry.yarnpkg.com/@polymer/iron-a11y-keys-behavior/-/iron-a11y-keys-behavior-3.0.1.tgz#2868ea72912d2007ffab4734684a91f5aac49b84"
  integrity sha512-lnrjKq3ysbBPT/74l0Fj0U9H9C35Tpw2C/tpJ8a+5g8Y3YJs1WSZYnEl1yOkw6sEyaxOq/1DkzH0+60gGu5/PQ==
  dependencies:
    "@polymer/polymer" "^3.0.0"

"@polymer/iron-ajax@^3.0.0-pre.21":
  version "3.0.1"
  resolved "https://registry.yarnpkg.com/@polymer/iron-ajax/-/iron-ajax-3.0.1.tgz#831781be31ced011ac7243a46e34a775a4bb3133"
  integrity sha512-7+TPEAfWsRdhj1Y8UeF1759ktpVu+c3sG16rJiUC3wF9+woQ9xI1zUm2d59i7Yc3aDEJrR/Q8Y262KlOvyGVNg==
  dependencies:
    "@polymer/polymer" "^3.0.0"

"@polymer/iron-behaviors@^3.0.0-pre.26":
  version "3.0.1"
  resolved "https://registry.yarnpkg.com/@polymer/iron-behaviors/-/iron-behaviors-3.0.1.tgz#a3b6f876779a7f0a91a15e4423890968b6525901"
  integrity sha512-IMEwcv1lhf1HSQxuyWOUIL0lOBwmeaoSTpgCJeP9IBYnuB1SPQngmfRuHKgK6/m9LQ9F9miC7p3HeQQUdKAE0w==
  dependencies:
    "@polymer/iron-a11y-keys-behavior" "^3.0.0-pre.26"
    "@polymer/polymer" "^3.0.0"

"@polymer/iron-checked-element-behavior@^3.0.0-pre.26":
  version "3.0.1"
  resolved "https://registry.yarnpkg.com/@polymer/iron-checked-element-behavior/-/iron-checked-element-behavior-3.0.1.tgz#7a4b49646603657ab2c5e5ca7bd97f34444fdaf5"
  integrity sha512-aDr0cbCNVq49q+pOqa6CZutFh+wWpwPMLpEth9swx+GkAj+gCURhuQkaUYhIo5f2egDbEioR1aeHMnPlU9dQZA==
  dependencies:
    "@polymer/iron-form-element-behavior" "^3.0.0-pre.26"
    "@polymer/iron-validatable-behavior" "^3.0.0-pre.26"
    "@polymer/polymer" "^3.0.0"

"@polymer/iron-component-page@^3.0.0-pre.19":
  version "3.0.0-pre.21"
  resolved "https://registry.yarnpkg.com/@polymer/iron-component-page/-/iron-component-page-3.0.0-pre.21.tgz#c661a0fbd2dd00e87a8209140c8749fdec9425b3"
  integrity sha512-dc7P/wCY6J/ApVvQd6gZXVbB3ZGt/pmFtn/uaTbiSNRitzu9Fu+HaQsAtWLu4QbaZjSALTY70i7Im7LGUi6qFA==
  dependencies:
    "@polymer/app-layout" "^3.0.0-pre.21"
    "@polymer/iron-ajax" "^3.0.0-pre.21"
    "@polymer/iron-doc-viewer" "^3.0.0-pre.21"
    "@polymer/iron-icons" "^3.0.0-pre.21"
    "@polymer/paper-icon-button" "^3.0.0-pre.21"
    "@polymer/paper-styles" "^3.0.0-pre.21"
    "@polymer/paper-toast" "^3.0.0-pre.21"
    "@polymer/polymer" "^3.0.0"

"@polymer/iron-doc-viewer@^3.0.0-pre.21":
  version "3.0.0-pre.21"
  resolved "https://registry.yarnpkg.com/@polymer/iron-doc-viewer/-/iron-doc-viewer-3.0.0-pre.21.tgz#4779092b9d4c38ea203cbd816deb797344ba466b"
  integrity sha512-9U4Xia/swdrk2BmXx0VUzkOZhncveQDWDZZ2DYFiW3TCSl4zU57o+5bSlZyRXsvr7ddOgqRr5Yw1zhGgFSxGEQ==
  dependencies:
    "@polymer/iron-location" "^3.0.0-pre.21"
    "@polymer/marked-element" "^3.0.0-pre.21"
    "@polymer/paper-styles" "^3.0.0-pre.21"
    "@polymer/polymer" "^3.0.0"
    "@polymer/prism-element" "^3.0.0-pre.21"

"@polymer/iron-fit-behavior@^3.0.0-pre.26":
  version "3.1.0"
  resolved "https://registry.yarnpkg.com/@polymer/iron-fit-behavior/-/iron-fit-behavior-3.1.0.tgz#8197a61e0ce2234e9bf8fbd7a1ae53d1a06026b0"
  integrity sha512-ABcgIYqrjhmUT8tiuolqeGttF/8pd3sEymUDrO1vXbZu4FWIvoLNndrMDFvs++AGd12Mjf5pYy84NJc6dB8Vig==
  dependencies:
    "@polymer/polymer" "^3.0.0"

"@polymer/iron-flex-layout@^3.0.0-pre.26":
  version "3.0.1"
  resolved "https://registry.yarnpkg.com/@polymer/iron-flex-layout/-/iron-flex-layout-3.0.1.tgz#36f9e1a8eb792d279b2bc75d362628721ad37f0c"
  integrity sha512-7gB869czArF+HZcPTVSgvA7tXYFze9EKckvM95NB7SqYF+NnsQyhoXgKnpFwGyo95lUjUW9TFDLUwDXnCYFtkw==
  dependencies:
    "@polymer/polymer" "^3.0.0"

"@polymer/iron-form-element-behavior@^3.0.0-pre.26":
  version "3.0.1"
  resolved "https://registry.yarnpkg.com/@polymer/iron-form-element-behavior/-/iron-form-element-behavior-3.0.1.tgz#4c79e1981d7796ce659e997f3b8f5e14b4a075a4"
  integrity sha512-G/e2KXyL5AY7mMjmomHkGpgS0uAf4ovNpKhkuUTRnMuMJuf589bKqE85KN4ovE1Tzhv2hJoh/igyD6ekHiYU1A==
  dependencies:
    "@polymer/polymer" "^3.0.0"

"@polymer/iron-icon@^3.0.0-pre.26":
  version "3.0.1"
  resolved "https://registry.yarnpkg.com/@polymer/iron-icon/-/iron-icon-3.0.1.tgz#93211c39d8825fe4965a68419566036c1df291eb"
  integrity sha512-QLPwirk+UPZNaLnMew9VludXA4CWUCenRewgEcGYwdzVgDPCDbXxy6vRJjmweZobMQv/oVLppT2JZtJFnPxX6g==
  dependencies:
    "@polymer/iron-flex-layout" "^3.0.0-pre.26"
    "@polymer/iron-meta" "^3.0.0-pre.26"
    "@polymer/polymer" "^3.0.0"

"@polymer/iron-icons@^3.0.0-pre.21":
  version "3.0.1"
  resolved "https://registry.yarnpkg.com/@polymer/iron-icons/-/iron-icons-3.0.1.tgz#c1bd31d8483afbdb5422cdc384081e19c9267cfe"
  integrity sha512-xtEI8erH2GIBiF3QxEMyW81XuVjguu6Le5WjEEpX67qd9z7jjmc4T/ke3zRUlnDydex9p8ytcwVpMIKcyvjYAQ==
  dependencies:
    "@polymer/iron-icon" "^3.0.0-pre.26"
    "@polymer/iron-iconset-svg" "^3.0.0-pre.26"
    "@polymer/polymer" "^3.0.0"

"@polymer/iron-iconset-svg@^3.0.0-pre.26":
  version "3.0.1"
  resolved "https://registry.yarnpkg.com/@polymer/iron-iconset-svg/-/iron-iconset-svg-3.0.1.tgz#568d6e7dbc120299dae63be3600aeba0d30ddbea"
  integrity sha512-XNwURbNHRw6u2fJe05O5fMYye6GSgDlDqCO+q6K1zAnKIrpgZwf2vTkBd5uCcZwsN0FyCB3mvNZx4jkh85dRDw==
  dependencies:
    "@polymer/iron-meta" "^3.0.0-pre.26"
    "@polymer/polymer" "^3.0.0"

"@polymer/iron-jsonp-library@^3.0.0-pre.19":
  version "3.0.1"
  resolved "https://registry.yarnpkg.com/@polymer/iron-jsonp-library/-/iron-jsonp-library-3.0.1.tgz#559d997e53a623260f49148aa144ae39c1e1a5fa"
  integrity sha512-JpIommURLt9DCqcaJaxsUiDWEaVWV2zoq12oJAMO65Do9Sl9TAv556bI7I4mLJcE40otPZ4wYap4kFViORMiKA==
  dependencies:
    "@polymer/polymer" "^3.0.0"

"@polymer/iron-location@^3.0.0-pre.21":
  version "3.0.2"
  resolved "https://registry.yarnpkg.com/@polymer/iron-location/-/iron-location-3.0.2.tgz#7ca2df089c57deb8a6f54f5cc3722af0ff871441"
  integrity sha512-75XlPsrm6RQUPNzWWaA0TnTQaWZUYX8UB4Q6WCjikKWzmaSCCxlBrVVYf8WRqtCxw/PeCvLn5kGL6qhTlNTCEA==
  dependencies:
    "@polymer/polymer" "^3.0.0"

"@polymer/iron-media-query@^3.0.0-pre.26":
  version "3.0.1"
  resolved "https://registry.yarnpkg.com/@polymer/iron-media-query/-/iron-media-query-3.0.1.tgz#5cd8a1c1e8c9b8bafd3dd5da14e0f8d2cfa76d83"
  integrity sha512-czUX1pm1zfmfcZtq5J57XFkcobBv08Y50exp0/3v8Bos5VL/jv2tU0RwiTfDBxUMhjicGbgwEBFQPY2V5DMzyw==
  dependencies:
    "@polymer/polymer" "^3.0.0"

"@polymer/iron-meta@^3.0.0-pre.26":
  version "3.0.1"
  resolved "https://registry.yarnpkg.com/@polymer/iron-meta/-/iron-meta-3.0.1.tgz#7f140628d127b0a284f882f1bb323a261bc125f5"
  integrity sha512-pWguPugiLYmWFV9UWxLWzZ6gm4wBwQdDy4VULKwdHCqR7OP7u98h+XDdGZsSlDPv6qoryV/e3tGHlTIT0mbzJA==
  dependencies:
    "@polymer/polymer" "^3.0.0"

"@polymer/iron-overlay-behavior@^3.0.0-pre.27":
  version "3.0.3"
  resolved "https://registry.yarnpkg.com/@polymer/iron-overlay-behavior/-/iron-overlay-behavior-3.0.3.tgz#29c198e19e05bb2bcf7d86d3c11848cb93301d00"
  integrity sha512-Q/Fp0+uOQQ145ebZ7T8Cxl4m1tUKYjyymkjcL2rXUm+aDQGb1wA1M1LYxUF5YBqd+9lipE0PTIiYwA2ZL/sznA==
  dependencies:
    "@polymer/iron-a11y-keys-behavior" "^3.0.0-pre.26"
    "@polymer/iron-fit-behavior" "^3.0.0-pre.26"
    "@polymer/iron-resizable-behavior" "^3.0.0-pre.26"
    "@polymer/polymer" "^3.0.0"

"@polymer/iron-resizable-behavior@^3.0.0-pre.26":
  version "3.0.1"
  resolved "https://registry.yarnpkg.com/@polymer/iron-resizable-behavior/-/iron-resizable-behavior-3.0.1.tgz#e284348ed7c1c7e263f7039297532fa954025ea2"
  integrity sha512-FyHxRxFspVoRaeZSWpT3y0C9awomb4tXXolIJcZ7RvXhMP632V5lez+ch5G5SwK0LpnAPkg35eB0LPMFv+YMMQ==
  dependencies:
    "@polymer/polymer" "^3.0.0"

"@polymer/iron-scroll-target-behavior@^3.0.0-pre.26":
  version "3.0.1"
  resolved "https://registry.yarnpkg.com/@polymer/iron-scroll-target-behavior/-/iron-scroll-target-behavior-3.0.1.tgz#29fa644b320fb29ab6c68eb6d08a6520157764ac"
  integrity sha512-xg1WanG25BIkQE8rhuReqY9zx1K5M7F+YAIYpswEp5eyDIaZ1Y3vUmVeQ3KG+hiSugzI1M752azXN7kvyhOBcQ==
  dependencies:
    "@polymer/polymer" "^3.0.0"

"@polymer/iron-validatable-behavior@^3.0.0-pre.26":
  version "3.0.1"
  resolved "https://registry.yarnpkg.com/@polymer/iron-validatable-behavior/-/iron-validatable-behavior-3.0.1.tgz#73538f005a07741c31b6fc1e981168c3d3e0d92b"
  integrity sha512-wwpYh6wOa4fNI+jH5EYKC7TVPYQ2OfgQqocWat7GsNWcsblKYhLYbwsvEY5nO0n2xKqNfZzDLrUom5INJN7msQ==
  dependencies:
    "@polymer/iron-meta" "^3.0.0-pre.26"
    "@polymer/polymer" "^3.0.0"

"@polymer/marked-element@^3.0.0-pre.21":
  version "3.0.1"
  resolved "https://registry.yarnpkg.com/@polymer/marked-element/-/marked-element-3.0.1.tgz#56add62080404dea142c055977807ae9ca773a89"
  integrity sha512-WJQzQetxdStVGQbyTBUBgd+hSI0Rl39uJg7b2zL3r6EfMnibzmA/YNT06M8jVZdxPF+B4SumrFWRtasVtGQRUQ==
  dependencies:
    "@polymer/polymer" "^3.0.0"
    marked "~0.3.9"

"@polymer/paper-behaviors@^3.0.0-pre.27":
  version "3.0.1"
  resolved "https://registry.yarnpkg.com/@polymer/paper-behaviors/-/paper-behaviors-3.0.1.tgz#83f1cd06489f484c1b108a2967fb01952df722ad"
  integrity sha512-6knhj69fPJejv8qR0kCSUY+Q0XjaUf0OSnkjRjmTJPAwSrRYtgqE+l6P1FfA+py1X/cUjgne9EF5rMZAKJIg1g==
  dependencies:
    "@polymer/iron-behaviors" "^3.0.0-pre.26"
    "@polymer/iron-checked-element-behavior" "^3.0.0-pre.26"
    "@polymer/paper-ripple" "^3.0.0-pre.26"
    "@polymer/polymer" "^3.0.0"

"@polymer/paper-icon-button@^3.0.0-pre.21":
  version "3.0.2"
  resolved "https://registry.yarnpkg.com/@polymer/paper-icon-button/-/paper-icon-button-3.0.2.tgz#a1254faadc2c8dd135ce1ae33bcc161a94c31f65"
  integrity sha512-kOdxQgnKL097bggFF6PWvsBYuWg+MCcoHoTHX6bh/MuZoWFZNjrFntFqwuB4oEbpjCpfm4moA33muPJFj7CihQ==
  dependencies:
    "@polymer/iron-icon" "^3.0.0-pre.26"
    "@polymer/paper-behaviors" "^3.0.0-pre.27"
    "@polymer/paper-styles" "^3.0.0-pre.26"
    "@polymer/polymer" "^3.0.0"

"@polymer/paper-ripple@^3.0.0-pre.26":
  version "3.0.2"
  resolved "https://registry.yarnpkg.com/@polymer/paper-ripple/-/paper-ripple-3.0.2.tgz#52566f5ee367942022ceaa991368105d21403de5"
  integrity sha512-DnLNvYIMsiayeICroYxx6Q6Hg1cUU8HN2sbutXazlemAlGqdq80qz3TIaVdbpbt/pvjcFGX2HtntMlPstCge8Q==
  dependencies:
    "@polymer/iron-a11y-keys-behavior" "^3.0.0-pre.26"
    "@polymer/polymer" "^3.0.0"

"@polymer/paper-styles@^3.0.0-pre.21", "@polymer/paper-styles@^3.0.0-pre.26":
  version "3.0.1"
  resolved "https://registry.yarnpkg.com/@polymer/paper-styles/-/paper-styles-3.0.1.tgz#bd4962b83ab8432cd1cf197bb5222d3a08f135e1"
  integrity sha512-y6hmObLqlCx602TQiSBKHqjwkE7xmDiFkoxdYGaNjtv4xcysOTdVJsDR/R9UHwIaxJ7gHlthMSykir1nv78++g==
  dependencies:
    "@polymer/font-roboto" "^3.0.1"
    "@polymer/iron-flex-layout" "^3.0.0-pre.26"
    "@polymer/polymer" "^3.0.0"

"@polymer/paper-toast@^3.0.0-pre.21":
  version "3.0.1"
  resolved "https://registry.yarnpkg.com/@polymer/paper-toast/-/paper-toast-3.0.1.tgz#213aa3373909cee7c8e17299cf70fa2603bfb358"
  integrity sha512-pizuogzObniDdICUc6dSLrnDt2VzzoRne1gCmbD6sfOATVv5tc8UfrqhA2iHngbNBEbniBiciS3iogdp5KTVUQ==
  dependencies:
    "@polymer/iron-a11y-announcer" "^3.0.0-pre.26"
    "@polymer/iron-fit-behavior" "^3.0.0-pre.26"
    "@polymer/iron-overlay-behavior" "^3.0.0-pre.27"
    "@polymer/polymer" "^3.0.0"

"@polymer/polymer@^3.0.0":
  version "3.4.1"
  resolved "https://registry.yarnpkg.com/@polymer/polymer/-/polymer-3.4.1.tgz#333bef25711f8411bb5624fb3eba8212ef8bee96"
  integrity sha512-KPWnhDZibtqKrUz7enIPOiO4ZQoJNOuLwqrhV2MXzIt3VVnUVJVG5ORz4Z2sgO+UZ+/UZnPD0jqY+jmw/+a9mQ==
  dependencies:
    "@webcomponents/shadycss" "^1.9.1"

"@polymer/prism-element@^3.0.0-pre.21":
  version "3.0.1"
  resolved "https://registry.yarnpkg.com/@polymer/prism-element/-/prism-element-3.0.1.tgz#b35d53eec9ecea5e5fec7c82c7e978e760e53501"
  integrity sha512-mam3oZZwVoxmC8i2srCxaTsvCqZF2HX4yxbm1JN9OGZS2JMwu7bnjjk7O8haoj9u6w+ocUi+vTLjYeIIoPx7vQ==
  dependencies:
    "@polymer/polymer" "^3.0.0"
    prismjs "^1.11.0"

"@webcomponents/shadycss@^1.9.1":
  version "1.10.2"
  resolved "https://registry.yarnpkg.com/@webcomponents/shadycss/-/shadycss-1.10.2.tgz#40e03cab6dc5e12f199949ba2b79e02f183d1e7b"
  integrity sha512-9Iseu8bRtecb0klvv+WXZOVZatsRkbaH7M97Z+f+Pt909R4lDfgUODAnra23DOZTpeMTAkVpf4m/FZztN7Ox1A==

"@webcomponents/webcomponentsjs@^2.0.0":
  version "2.5.0"
  resolved "https://registry.yarnpkg.com/@webcomponents/webcomponentsjs/-/webcomponentsjs-2.5.0.tgz#61b27785a6ad5bfd68fa018201fe418b118cb38d"
  integrity sha512-C0l51MWQZ9kLzcxOZtniOMohpIFdCLZum7/TEHv3XWFc1Fvt5HCpbSX84x8ltka/JuNKcuiDnxXFkiB2gaePcg==

clipboard@^2.0.0:
  version "2.0.8"
  resolved "https://registry.yarnpkg.com/clipboard/-/clipboard-2.0.8.tgz#ffc6c103dd2967a83005f3f61976aa4655a4cdba"
  integrity sha512-Y6WO0unAIQp5bLmk1zdThRhgJt/x3ks6f30s3oE3H1mgIEU33XyQjEf8gsf6DxC7NPX8Y1SsNWjUjL/ywLnnbQ==
  dependencies:
    good-listener "^1.2.2"
    select "^1.1.2"
    tiny-emitter "^2.0.0"

delegate@^3.1.2:
  version "3.2.0"
  resolved "https://registry.yarnpkg.com/delegate/-/delegate-3.2.0.tgz#b66b71c3158522e8ab5744f720d8ca0c2af59166"
  integrity sha512-IofjkYBZaZivn0V8nnsMJGBr4jVLxHDheKSW88PyxS5QC4Vo9ZbZVvhzlSxY87fVq3STR6r+4cGepyHkcWOQSw==

good-listener@^1.2.2:
  version "1.2.2"
  resolved "https://registry.yarnpkg.com/good-listener/-/good-listener-1.2.2.tgz#d53b30cdf9313dffb7dc9a0d477096aa6d145c50"
  integrity sha1-1TswzfkxPf+33JoNR3CWqm0UXFA=
  dependencies:
    delegate "^3.1.2"

has-flag@^1.0.0:
  version "1.0.0"
  resolved "https://registry.yarnpkg.com/has-flag/-/has-flag-1.0.0.tgz#9d9e793165ce017a00f00418c43f942a7b1d11fa"
  integrity sha1-nZ55MWXOAXoA8AQYxD+UKnsdEfo=

inherits@2.0.3:
  version "2.0.3"
  resolved "https://registry.yarnpkg.com/inherits/-/inherits-2.0.3.tgz#633c2c83e3da42a502f52466022480f4208261de"
  integrity sha1-Yzwsg+PaQqUC9SRmAiSA9CCCYd4=

marked@~0.3.9:
  version "0.3.19"
  resolved "https://registry.yarnpkg.com/marked/-/marked-0.3.19.tgz#5d47f709c4c9fc3c216b6d46127280f40b39d790"
  integrity sha512-ea2eGWOqNxPcXv8dyERdSr/6FmzvWwzjMxpfGB/sbMccXoct+xY+YukPD+QTUZwyvK7BZwcr4m21WBOW41pAkg==

prismjs@^1.11.0:
  version "1.23.0"
  resolved "https://registry.yarnpkg.com/prismjs/-/prismjs-1.23.0.tgz#d3b3967f7d72440690497652a9d40ff046067f33"
  integrity sha512-c29LVsqOaLbBHuIbsTxaKENh1N2EQBOHaWv7gkHN4dgRbxSREqDnDbtFJYdpPauS4YCplMSNCABQ6Eeor69bAA==
  optionalDependencies:
    clipboard "^2.0.0"

samsam@1.1.3:
  version "1.1.3"
  resolved "https://registry.yarnpkg.com/samsam/-/samsam-1.1.3.tgz#9f5087419b4d091f232571e7fa52e90b0f552621"
  integrity sha1-n1CHQZtNCR8jJXHn+lLpCw9VJiE=

select@^1.1.2:
  version "1.1.2"
  resolved "https://registry.yarnpkg.com/select/-/select-1.1.2.tgz#0e7350acdec80b1108528786ec1d4418d11b396d"
  integrity sha1-DnNQrN7ICxEIUoeG7B1EGNEbOW0=

supports-color@3.1.2:
  version "3.1.2"
  resolved "https://registry.yarnpkg.com/supports-color/-/supports-color-3.1.2.tgz#72a262894d9d408b956ca05ff37b2ed8a6e2a2d5"
  integrity sha1-cqJiiU2dQIuVbKBf83su2KbiotU=
  dependencies:
    has-flag "^1.0.0"

tiny-emitter@^2.0.0:
  version "2.1.0"
  resolved "https://registry.yarnpkg.com/tiny-emitter/-/tiny-emitter-2.1.0.tgz#1d1a56edfc51c43e863cbb5382a72330e3555423"
  integrity sha512-NB6Dk1A9xgQPMoGqC5CVXn123gWyte215ONT5Pp5a0yt4nlEoO1ZWeCwpncaekPHXO60i47ihFnZPiRPjRMq4Q==

type-detect@1.0.0:
  version "1.0.0"
  resolved "https://registry.yarnpkg.com/type-detect/-/type-detect-1.0.0.tgz#762217cc06db258ec48908a1298e8b95121e8ea2"
  integrity sha1-diIXzAbbJY7EiQihKY6LlRIejqI=
